
Microsoft Visual Studio Solution File, Format Version 12.00
# Visual Studio Version 17
VisualStudioVersion = 17.0.31919.166
MinimumVisualStudioVersion = 10.0.40219.1
Project("{FAE04EC0-301F-11D3-BF4B-00C04F79EFBC}") = "CleanArchitect.Domain", "CleanArchitect.Domain\CleanArchitect.Domain.csproj", "{52BCA578-6E7E-4287-887D-92EB0293000D}"
EndProject
Project("{FAE04EC0-301F-11D3-BF4B-00C04F79EFBC}") = "CleanArchitect.Application", "CleanArchitect.Application\CleanArchitect.Application.csproj", "{AF4E1EB7-845C-461C-989B-1A56F5971EA4}"
EndProject
Project("{FAE04EC0-301F-11D3-BF4B-00C04F79EFBC}") = "CleanArchitect.Infrastructure", "CleanArchitect.Infrastructure\CleanArchitect.Infrastructure.csproj", "{B650F0E6-F27F-4B4D-887D-C10C30B4FCE7}"
EndProject
Project("{FAE04EC0-301F-11D3-BF4B-00C04F79EFBC}") = "CleanArchitect", "CleanArchitect\CleanArchitect.csproj", "{E537C491-111E-47A8-B7CD-E9E04C9F36F6}"
EndProject
Global
	GlobalSection(SolutionConfigurationPlatforms) = preSolution
		Debug|Any CPU = Debug|Any CPU
		Release|Any CPU = Release|Any CPU
	EndGlobalSection
	GlobalSection(ProjectConfigurationPlatforms) = postSolution
		{52BCA578-6E7E-4287-887D-92EB0293000D}.Debug|Any CPU.ActiveCfg = Debug|Any CPU
		{52BCA578-6E7E-4287-887D-92EB0293000D}.Debug|Any CPU.Build.0 = Debug|Any CPU
		{52BCA578-6E7E-4287-887D-92EB0293000D}.Release|Any CPU.ActiveCfg = Release|Any CPU
		{52BCA578-6E7E-4287-887D-92EB0293000D}.Release|Any CPU.Build.0 = Release|Any CPU
		{AF4E1EB7-845C-461C-989B-1A56F5971EA4}.Debug|Any CPU.ActiveCfg = Debug|Any CPU
		{AF4E1EB7-845C-461C-989B-1A56F5971EA4}.Debug|Any CPU.Build.0 = Debug|Any CPU
		{AF4E1EB7-845C-461C-989B-1A56F5971EA4}.Release|Any CPU.ActiveCfg = Release|Any CPU
		{AF4E1EB7-845C-461C-989B-1A56F5971EA4}.Release|Any CPU.Build.0 = Release|Any CPU
		{B650F0E6-F27F-4B4D-887D-C10C30B4FCE7}.Debug|Any CPU.ActiveCfg = Debug|Any CPU
		{B650F0E6-F27F-4B4D-887D-C10C30B4FCE7}.Debug|Any CPU.Build.0 = Debug|Any CPU
		{B650F0E6-F27F-4B4D-887D-C10C30B4FCE7}.Release|Any CPU.ActiveCfg = Release|Any CPU
		{B650F0E6-F27F-4B4D-887D-C10C30B4FCE7}.Release|Any CPU.Build.0 = Release|Any CPU
		{E537C491-111E-47A8-B7CD-E9E04C9F36F6}.Debug|Any CPU.ActiveCfg = Debug|Any CPU
		{E537C491-111E-47A8-B7CD-E9E04C9F36F6}.Debug|Any CPU.Build.0 = Debug|Any CPU
		{E537C491-111E-47A8-B7CD-E9E04C9F36F6}.Release|Any CPU.ActiveCfg = Release|Any CPU
		{E537C491-111E-47A8-B7CD-E9E04C9F36F6}.Release|Any CPU.Build.0 = Release|Any CPU
	EndGlobalSection
	GlobalSection(SolutionProperties) = preSolution
		HideSolutionNode = FALSE
	EndGlobalSection
	GlobalSection(ExtensibilityGlobals) = postSolution
		SolutionGuid = {3A892E4A-DF21-4505-BEBC-01DF439E7B52}
	EndGlobalSection
EndGlobal
